
Microsoft Visual Studio Solution File, Format Version 12.00
# Visual Studio Version 17
VisualStudioVersion = 17.0.32014.148
MinimumVisualStudioVersion = 10.0.40219.1
Project("{FAE04EC0-301F-11D3-BF4B-00C04F79EFBC}") = "BetterApi", "BetterApi\BetterApi.csproj", "{4CC73FAD-2375-4B1D-A799-6A8A9B4E63A1}"
EndProject
Project("{FAE04EC0-301F-11D3-BF4B-00C04F79EFBC}") = "TestProject", "TestProject\TestProject.csproj", "{810B5C34-7E41-40F3-B4F9-C6189759FF6E}"
EndProject
Global
	GlobalSection(SolutionConfigurationPlatforms) = preSolution
		Debug|Any CPU = Debug|Any CPU
		Release|Any CPU = Release|Any CPU
	EndGlobalSection
	GlobalSection(ProjectConfigurationPlatforms) = postSolution
		{4CC73FAD-2375-4B1D-A799-6A8A9B4E63A1}.Debug|Any CPU.ActiveCfg = Debug|Any CPU
		{4CC73FAD-2375-4B1D-A799-6A8A9B4E63A1}.Debug|Any CPU.Build.0 = Debug|Any CPU
		{4CC73FAD-2375-4B1D-A799-6A8A9B4E63A1}.Release|Any CPU.ActiveCfg = Release|Any CPU
		{4CC73FAD-2375-4B1D-A799-6A8A9B4E63A1}.Release|Any CPU.Build.0 = Release|Any CPU
		{810B5C34-7E41-40F3-B4F9-C6189759FF6E}.Debug|Any CPU.ActiveCfg = Debug|Any CPU
		{810B5C34-7E41-40F3-B4F9-C6189759FF6E}.Debug|Any CPU.Build.0 = Debug|Any CPU
		{810B5C34-7E41-40F3-B4F9-C6189759FF6E}.Release|Any CPU.ActiveCfg = Release|Any CPU
		{810B5C34-7E41-40F3-B4F9-C6189759FF6E}.Release|Any CPU.Build.0 = Release|Any CPU
	EndGlobalSection
	GlobalSection(SolutionProperties) = preSolution
		HideSolutionNode = FALSE
	EndGlobalSection
	GlobalSection(ExtensibilityGlobals) = postSolution
		SolutionGuid = {147F189C-508E-427A-9BF6-9A1960DF3077}
	EndGlobalSection
EndGlobal
